
Microsoft Visual Studio Solution File, Format Version 12.00
# Visual Studio 14
VisualStudioVersion = 14.0.23107.0
MinimumVisualStudioVersion = 10.0.40219.1
Project("{FAE04EC0-301F-11D3-BF4B-00C04F79EFBC}") = "DemoGitVS", "DemoGitVS\DemoGitVS.csproj", "{CC2A33F3-F37C-4366-99D4-77A1A8B5CFBE}"
EndProject
Global
	GlobalSection(SolutionConfigurationPlatforms) = preSolution
		Debug|Any CPU = Debug|Any CPU
		Release|Any CPU = Release|Any CPU
	EndGlobalSection
	GlobalSection(ProjectConfigurationPlatforms) = postSolution
		{CC2A33F3-F37C-4366-99D4-77A1A8B5CFBE}.Debug|Any CPU.ActiveCfg = Debug|Any CPU
		{CC2A33F3-F37C-4366-99D4-77A1A8B5CFBE}.Debug|Any CPU.Build.0 = Debug|Any CPU
		{CC2A33F3-F37C-4366-99D4-77A1A8B5CFBE}.Release|Any CPU.ActiveCfg = Release|Any CPU
		{CC2A33F3-F37C-4366-99D4-77A1A8B5CFBE}.Release|Any CPU.Build.0 = Release|Any CPU
	EndGlobalSection
	GlobalSection(SolutionProperties) = preSolution
		HideSolutionNode = FALSE
	EndGlobalSection
EndGlobal
